// !$*UTF8*$!
{
	archiveVersion = 1;
	classes = {
	};
	objectVersion = 52;
	objects = {

/* Begin PBXBuildFile section */
		AC5F900B24C3526700C85582 /* SnapKit in Frameworks */ = {isa = PBXBuildFile; productRef = AC5F900A24C3526700C85582 /* SnapKit */; };
		AC5F900E24C3618700C85582 /* JinnyAppKit in Frameworks */ = {isa = PBXBuildFile; productRef = AC5F900D24C3618700C85582 /* JinnyAppKit */; };
		AC5F901124C36D2300C85582 /* VNRecognizedPoint+.swift in Sources */ = {isa = PBXBuildFile; fileRef = AC5F901024C36D2300C85582 /* VNRecognizedPoint+.swift */; };
		AC99CF3324B0A15500C54CE2 /* HandGestureProcessor.swift in Sources */ = {isa = PBXBuildFile; fileRef = AC99CF3224B0A15500C54CE2 /* HandGestureProcessor.swift */; };
		ACBD85EC24A4E3A7002F7C9C /* AppDelegate.swift in Sources */ = {isa = PBXBuildFile; fileRef = ACBD85EB24A4E3A7002F7C9C /* AppDelegate.swift */; };
		ACBD85EE24A4E3A7002F7C9C /* SceneDelegate.swift in Sources */ = {isa = PBXBuildFile; fileRef = ACBD85ED24A4E3A7002F7C9C /* SceneDelegate.swift */; };
		ACBD85F024A4E3A7002F7C9C /* CameraViewController.swift in Sources */ = {isa = PBXBuildFile; fileRef = ACBD85EF24A4E3A7002F7C9C /* CameraViewController.swift */; };
		ACBD85F324A4E3A7002F7C9C /* Main.storyboard in Resources */ = {isa = PBXBuildFile; fileRef = ACBD85F124A4E3A7002F7C9C /* Main.storyboard */; };
		ACBD85F524A4E3AC002F7C9C /* Assets.xcassets in Resources */ = {isa = PBXBuildFile; fileRef = ACBD85F424A4E3AC002F7C9C /* Assets.xcassets */; };
		ACBD85F824A4E3AC002F7C9C /* LaunchScreen.storyboard in Resources */ = {isa = PBXBuildFile; fileRef = ACBD85F624A4E3AC002F7C9C /* LaunchScreen.storyboard */; };
		ACBD860324A4E3AD002F7C9C /* HandPoseCameraTests.swift in Sources */ = {isa = PBXBuildFile; fileRef = ACBD860224A4E3AD002F7C9C /* HandPoseCameraTests.swift */; };
		ACBD860E24A4E3AD002F7C9C /* HandPoseCameraUITests.swift in Sources */ = {isa = PBXBuildFile; fileRef = ACBD860D24A4E3AD002F7C9C /* HandPoseCameraUITests.swift */; };
/* End PBXBuildFile section */

/* Begin PBXContainerItemProxy section */
		ACBD85FF24A4E3AD002F7C9C /* PBXContainerItemProxy */ = {
			isa = PBXContainerItemProxy;
			containerPortal = ACBD85E024A4E3A7002F7C9C /* Project object */;
			proxyType = 1;
			remoteGlobalIDString = ACBD85E724A4E3A7002F7C9C;
			remoteInfo = HandPoseCamera;
		};
		ACBD860A24A4E3AD002F7C9C /* PBXContainerItemProxy */ = {
			isa = PBXContainerItemProxy;
			containerPortal = ACBD85E024A4E3A7002F7C9C /* Project object */;
			proxyType = 1;
			remoteGlobalIDString = ACBD85E724A4E3A7002F7C9C;
			remoteInfo = HandPoseCamera;
		};
/* End PBXContainerItemProxy section */

/* Begin PBXFileReference section */
		AC5F901024C36D2300C85582 /* VNRecognizedPoint+.swift */ = {isa = PBXFileReference; lastKnownFileType = sourcecode.swift; path = "VNRecognizedPoint+.swift"; sourceTree = "<group>"; };
		AC99CF3224B0A15500C54CE2 /* HandGestureProcessor.swift */ = {isa = PBXFileReference; lastKnownFileType = sourcecode.swift; path = HandGestureProcessor.swift; sourceTree = "<group>"; };
		ACBD85E824A4E3A7002F7C9C /* HandPoseCamera.app */ = {isa = PBXFileReference; explicitFileType = wrapper.application; includeInIndex = 0; path = HandPoseCamera.app; sourceTree = BUILT_PRODUCTS_DIR; };
		ACBD85EB24A4E3A7002F7C9C /* AppDelegate.swift */ = {isa = PBXFileReference; lastKnownFileType = sourcecode.swift; path = AppDelegate.swift; sourceTree = "<group>"; };
		ACBD85ED24A4E3A7002F7C9C /* SceneDelegate.swift */ = {isa = PBXFileReference; lastKnownFileType = sourcecode.swift; path = SceneDelegate.swift; sourceTree = "<group>"; };
		ACBD85EF24A4E3A7002F7C9C /* CameraViewController.swift */ = {isa = PBXFileReference; lastKnownFileType = sourcecode.swift; path = CameraViewController.swift; sourceTree = "<group>"; };
		ACBD85F224A4E3A7002F7C9C /* Base */ = {isa = PBXFileReference; lastKnownFileType = file.storyboard; name = Base; path = Base.lproj/Main.storyboard; sourceTree = "<group>"; };
		ACBD85F424A4E3AC002F7C9C /* Assets.xcassets */ = {isa = PBXFileReference; lastKnownFileType = folder.assetcatalog; path = Assets.xcassets; sourceTree = "<group>"; };
		ACBD85F724A4E3AC002F7C9C /* Base */ = {isa = PBXFileReference; lastKnownFileType = file.storyboard; name = Base; path = Base.lproj/LaunchScreen.storyboard; sourceTree = "<group>"; };
		ACBD85F924A4E3AC002F7C9C /* Info.plist */ = {isa = PBXFileReference; lastKnownFileType = text.plist.xml; path = Info.plist; sourceTree = "<group>"; };
		ACBD85FE24A4E3AD002F7C9C /* HandPoseCameraTests.xctest */ = {isa = PBXFileReference; explicitFileType = wrapper.cfbundle; includeInIndex = 0; path = HandPoseCameraTests.xctest; sourceTree = BUILT_PRODUCTS_DIR; };
		ACBD860224A4E3AD002F7C9C /* HandPoseCameraTests.swift */ = {isa = PBXFileReference; lastKnownFileType = sourcecode.swift; path = HandPoseCameraTests.swift; sourceTree = "<group>"; };
		ACBD860424A4E3AD002F7C9C /* Info.plist */ = {isa = PBXFileReference; lastKnownFileType = text.plist.xml; path = Info.plist; sourceTree = "<group>"; };
		ACBD860924A4E3AD002F7C9C /* HandPoseCameraUITests.xctest */ = {isa = PBXFileReference; explicitFileType = wrapper.cfbundle; includeInIndex = 0; path = HandPoseCameraUITests.xctest; sourceTree = BUILT_PRODUCTS_DIR; };
		ACBD860D24A4E3AD002F7C9C /* HandPoseCameraUITests.swift */ = {isa = PBXFileReference; lastKnownFileType = sourcecode.swift; path = HandPoseCameraUITests.swift; sourceTree = "<group>"; };
		ACBD860F24A4E3AD002F7C9C /* Info.plist */ = {isa = PBXFileReference; lastKnownFileType = text.plist.xml; path = Info.plist; sourceTree = "<group>"; };
/* End PBXFileReference section */

/* Begin PBXFrameworksBuildPhase section */
		ACBD85E524A4E3A7002F7C9C /* Frameworks */ = {
			isa = PBXFrameworksBuildPhase;
			buildActionMask = 2147483647;
			files = (
				AC5F900E24C3618700C85582 /* JinnyAppKit in Frameworks */,
				AC5F900B24C3526700C85582 /* SnapKit in Frameworks */,
			);
			runOnlyForDeploymentPostprocessing = 0;
		};
		ACBD85FB24A4E3AD002F7C9C /* Frameworks */ = {
			isa = PBXFrameworksBuildPhase;
			buildActionMask = 2147483647;
			files = (
			);
			runOnlyForDeploymentPostprocessing = 0;
		};
		ACBD860624A4E3AD002F7C9C /* Frameworks */ = {
			isa = PBXFrameworksBuildPhase;
			buildActionMask = 2147483647;
			files = (
			);
			runOnlyForDeploymentPostprocessing = 0;
		};
/* End PBXFrameworksBuildPhase section */

/* Begin PBXGroup section */
		AC5F900F24C36CD000C85582 /* Extensions */ = {
			isa = PBXGroup;
			children = (
				AC5F901024C36D2300C85582 /* VNRecognizedPoint+.swift */,
			);
			path = Extensions;
			sourceTree = "<group>";
		};
		ACBD85DF24A4E3A7002F7C9C = {
			isa = PBXGroup;
			children = (
				ACBD85EA24A4E3A7002F7C9C /* HandPoseCamera */,
				ACBD860124A4E3AD002F7C9C /* HandPoseCameraTests */,
				ACBD860C24A4E3AD002F7C9C /* HandPoseCameraUITests */,
				ACBD85E924A4E3A7002F7C9C /* Products */,
			);
			sourceTree = "<group>";
		};
		ACBD85E924A4E3A7002F7C9C /* Products */ = {
			isa = PBXGroup;
			children = (
				ACBD85E824A4E3A7002F7C9C /* HandPoseCamera.app */,
				ACBD85FE24A4E3AD002F7C9C /* HandPoseCameraTests.xctest */,
				ACBD860924A4E3AD002F7C9C /* HandPoseCameraUITests.xctest */,
			);
			name = Products;
			sourceTree = "<group>";
		};
		ACBD85EA24A4E3A7002F7C9C /* HandPoseCamera */ = {
			isa = PBXGroup;
			children = (
				AC5F900F24C36CD000C85582 /* Extensions */,
				ACBD85EB24A4E3A7002F7C9C /* AppDelegate.swift */,
				ACBD85ED24A4E3A7002F7C9C /* SceneDelegate.swift */,
				ACBD85EF24A4E3A7002F7C9C /* CameraViewController.swift */,
				AC99CF3224B0A15500C54CE2 /* HandGestureProcessor.swift */,
				ACBD85F124A4E3A7002F7C9C /* Main.storyboard */,
				ACBD85F424A4E3AC002F7C9C /* Assets.xcassets */,
				ACBD85F624A4E3AC002F7C9C /* LaunchScreen.storyboard */,
				ACBD85F924A4E3AC002F7C9C /* Info.plist */,
			);
			path = HandPoseCamera;
			sourceTree = "<group>";
		};
		ACBD860124A4E3AD002F7C9C /* HandPoseCameraTests */ = {
			isa = PBXGroup;
			children = (
				ACBD860224A4E3AD002F7C9C /* HandPoseCameraTests.swift */,
				ACBD860424A4E3AD002F7C9C /* Info.plist */,
			);
			path = HandPoseCameraTests;
			sourceTree = "<group>";
		};
		ACBD860C24A4E3AD002F7C9C /* HandPoseCameraUITests */ = {
			isa = PBXGroup;
			children = (
				ACBD860D24A4E3AD002F7C9C /* HandPoseCameraUITests.swift */,
				ACBD860F24A4E3AD002F7C9C /* Info.plist */,
			);
			path = HandPoseCameraUITests;
			sourceTree = "<group>";
		};
/* End PBXGroup section */

/* Begin PBXNativeTarget section */
		ACBD85E724A4E3A7002F7C9C /* HandPoseCamera */ = {
			isa = PBXNativeTarget;
			buildConfigurationList = ACBD861224A4E3AD002F7C9C /* Build configuration list for PBXNativeTarget "HandPoseCamera" */;
			buildPhases = (
				ACBD85E424A4E3A7002F7C9C /* Sources */,
				ACBD85E524A4E3A7002F7C9C /* Frameworks */,
				ACBD85E624A4E3A7002F7C9C /* Resources */,
			);
			buildRules = (
			);
			dependencies = (
			);
			name = HandPoseCamera;
			packageProductDependencies = (
				AC5F900A24C3526700C85582 /* SnapKit */,
				AC5F900D24C3618700C85582 /* JinnyAppKit */,
			);
			productName = HandPoseCamera;
			productReference = ACBD85E824A4E3A7002F7C9C /* HandPoseCamera.app */;
			productType = "com.apple.product-type.application";
		};
		ACBD85FD24A4E3AD002F7C9C /* HandPoseCameraTests */ = {
			isa = PBXNativeTarget;
			buildConfigurationList = ACBD861524A4E3AD002F7C9C /* Build configuration list for PBXNativeTarget "HandPoseCameraTests" */;
			buildPhases = (
				ACBD85FA24A4E3AD002F7C9C /* Sources */,
				ACBD85FB24A4E3AD002F7C9C /* Frameworks */,
				ACBD85FC24A4E3AD002F7C9C /* Resources */,
			);
			buildRules = (
			);
			dependencies = (
				ACBD860024A4E3AD002F7C9C /* PBXTargetDependency */,
			);
			name = HandPoseCameraTests;
			productName = HandPoseCameraTests;
			productReference = ACBD85FE24A4E3AD002F7C9C /* HandPoseCameraTests.xctest */;
			productType = "com.apple.product-type.bundle.unit-test";
		};
		ACBD860824A4E3AD002F7C9C /* HandPoseCameraUITests */ = {
			isa = PBXNativeTarget;
			buildConfigurationList = ACBD861824A4E3AD002F7C9C /* Build configuration list for PBXNativeTarget "HandPoseCameraUITests" */;
			buildPhases = (
				ACBD860524A4E3AD002F7C9C /* Sources */,
				ACBD860624A4E3AD002F7C9C /* Frameworks */,
				ACBD860724A4E3AD002F7C9C /* Resources */,
			);
			buildRules = (
			);
			dependencies = (
				ACBD860B24A4E3AD002F7C9C /* PBXTargetDependency */,
			);
			name = HandPoseCameraUITests;
			productName = HandPoseCameraUITests;
			productReference = ACBD860924A4E3AD002F7C9C /* HandPoseCameraUITests.xctest */;
			productType = "com.apple.product-type.bundle.ui-testing";
		};
/* End PBXNativeTarget section */

/* Begin PBXProject section */
		ACBD85E024A4E3A7002F7C9C /* Project object */ = {
			isa = PBXProject;
			attributes = {
				LastSwiftUpdateCheck = 1150;
				LastUpgradeCheck = 1150;
				ORGANIZATIONNAME = eunjin;
				TargetAttributes = {
					ACBD85E724A4E3A7002F7C9C = {
						CreatedOnToolsVersion = 11.5;
					};
					ACBD85FD24A4E3AD002F7C9C = {
						CreatedOnToolsVersion = 11.5;
						TestTargetID = ACBD85E724A4E3A7002F7C9C;
					};
					ACBD860824A4E3AD002F7C9C = {
						CreatedOnToolsVersion = 11.5;
						TestTargetID = ACBD85E724A4E3A7002F7C9C;
					};
				};
			};
			buildConfigurationList = ACBD85E324A4E3A7002F7C9C /* Build configuration list for PBXProject "HandPoseCamera" */;
			compatibilityVersion = "Xcode 9.3";
			developmentRegion = en;
			hasScannedForEncodings = 0;
			knownRegions = (
				en,
				Base,
			);
			mainGroup = ACBD85DF24A4E3A7002F7C9C;
			packageReferences = (
				AC5F900924C3526700C85582 /* XCRemoteSwiftPackageReference "SnapKit" */,
				AC5F900C24C3618600C85582 /* XCRemoteSwiftPackageReference "JinnyAppKit" */,
			);
			productRefGroup = ACBD85E924A4E3A7002F7C9C /* Products */;
			projectDirPath = "";
			projectRoot = "";
			targets = (
				ACBD85E724A4E3A7002F7C9C /* HandPoseCamera */,
				ACBD85FD24A4E3AD002F7C9C /* HandPoseCameraTests */,
				ACBD860824A4E3AD002F7C9C /* HandPoseCameraUITests */,
			);
		};
/* End PBXProject section */

/* Begin PBXResourcesBuildPhase section */
		ACBD85E624A4E3A7002F7C9C /* Resources */ = {
			isa = PBXResourcesBuildPhase;
			buildActionMask = 2147483647;
			files = (
				ACBD85F824A4E3AC002F7C9C /* LaunchScreen.storyboard in Resources */,
				ACBD85F524A4E3AC002F7C9C /* Assets.xcassets in Resources */,
				ACBD85F324A4E3A7002F7C9C /* Main.storyboard in Resources */,
			);
			runOnlyForDeploymentPostprocessing = 0;
		};
		ACBD85FC24A4E3AD002F7C9C /* Resources */ = {
			isa = PBXResourcesBuildPhase;
			buildActionMask = 2147483647;
			files = (
			);
			runOnlyForDeploymentPostprocessing = 0;
		};
		ACBD860724A4E3AD002F7C9C /* Resources */ = {
			isa = PBXResourcesBuildPhase;
			buildActionMask = 2147483647;
			files = (
			);
			runOnlyForDeploymentPostprocessing = 0;
		};
/* End PBXResourcesBuildPhase section */

/* Begin PBXSourcesBuildPhase section */
		ACBD85E424A4E3A7002F7C9C /* Sources */ = {
			isa = PBXSourcesBuildPhase;
			buildActionMask = 2147483647;
			files = (
				ACBD85F024A4E3A7002F7C9C /* CameraViewController.swift in Sources */,
				ACBD85EC24A4E3A7002F7C9C /* AppDelegate.swift in Sources */,
				ACBD85EE24A4E3A7002F7C9C /* SceneDelegate.swift in Sources */,
				AC99CF3324B0A15500C54CE2 /* HandGestureProcessor.swift in Sources */,
				AC5F901124C36D2300C85582 /* VNRecognizedPoint+.swift in Sources */,
			);
			runOnlyForDeploymentPostprocessing = 0;
		};
		ACBD85FA24A4E3AD002F7C9C /* Sources */ = {
			isa = PBXSourcesBuildPhase;
			buildActionMask = 2147483647;
			files = (
				ACBD860324A4E3AD002F7C9C /* HandPoseCameraTests.swift in Sources */,
			);
			runOnlyForDeploymentPostprocessing = 0;
		};
		ACBD860524A4E3AD002F7C9C /* Sources */ = {
			isa = PBXSourcesBuildPhase;
			buildActionMask = 2147483647;
			files = (
				ACBD860E24A4E3AD002F7C9C /* HandPoseCameraUITests.swift in Sources */,
			);
			runOnlyForDeploymentPostprocessing = 0;
		};
/* End PBXSourcesBuildPhase section */

/* Begin PBXTargetDependency section */
		ACBD860024A4E3AD002F7C9C /* PBXTargetDependency */ = {
			isa = PBXTargetDependency;
			target = ACBD85E724A4E3A7002F7C9C /* HandPoseCamera */;
			targetProxy = ACBD85FF24A4E3AD002F7C9C /* PBXContainerItemProxy */;
		};
		ACBD860B24A4E3AD002F7C9C /* PBXTargetDependency */ = {
			isa = PBXTargetDependency;
			target = ACBD85E724A4E3A7002F7C9C /* HandPoseCamera */;
			targetProxy = ACBD860A24A4E3AD002F7C9C /* PBXContainerItemProxy */;
		};
/* End PBXTargetDependency section */

/* Begin PBXVariantGroup section */
		ACBD85F124A4E3A7002F7C9C /* Main.storyboard */ = {
			isa = PBXVariantGroup;
			children = (
				ACBD85F224A4E3A7002F7C9C /* Base */,
			);
			name = Main.storyboard;
			sourceTree = "<group>";
		};
		ACBD85F624A4E3AC002F7C9C /* LaunchScreen.storyboard */ = {
			isa = PBXVariantGroup;
			children = (
				ACBD85F724A4E3AC002F7C9C /* Base */,
			);
			name = LaunchScreen.storyboard;
			sourceTree = "<group>";
		};
/* End PBXVariantGroup section */

/* Begin XCBuildConfiguration section */
		ACBD861024A4E3AD002F7C9C /* Debug */ = {
			isa = XCBuildConfiguration;
			buildSettings = {
				ALWAYS_SEARCH_USER_PATHS = NO;
				CLANG_ANALYZER_NONNULL = YES;
				CLANG_ANALYZER_NUMBER_OBJECT_CONVERSION = YES_AGGRESSIVE;
				CLANG_CXX_LANGUAGE_STANDARD = "gnu++14";
				CLANG_CXX_LIBRARY = "libc++";
				CLANG_ENABLE_MODULES = YES;
				CLANG_ENABLE_OBJC_ARC = YES;
				CLANG_ENABLE_OBJC_WEAK = YES;
				CLANG_WARN_BLOCK_CAPTURE_AUTORELEASING = YES;
				CLANG_WARN_BOOL_CONVERSION = YES;
				CLANG_WARN_COMMA = YES;
				CLANG_WARN_CONSTANT_CONVERSION = YES;
				CLANG_WARN_DEPRECATED_OBJC_IMPLEMENTATIONS = YES;
				CLANG_WARN_DIRECT_OBJC_ISA_USAGE = YES_ERROR;
				CLANG_WARN_DOCUMENTATION_COMMENTS = YES;
				CLANG_WARN_EMPTY_BODY = YES;
				CLANG_WARN_ENUM_CONVERSION = YES;
				CLANG_WARN_INFINITE_RECURSION = YES;
				CLANG_WARN_INT_CONVERSION = YES;
				CLANG_WARN_NON_LITERAL_NULL_CONVERSION = YES;
				CLANG_WARN_OBJC_IMPLICIT_RETAIN_SELF = YES;
				CLANG_WARN_OBJC_LITERAL_CONVERSION = YES;
				CLANG_WARN_OBJC_ROOT_CLASS = YES_ERROR;
				CLANG_WARN_RANGE_LOOP_ANALYSIS = YES;
				CLANG_WARN_STRICT_PROTOTYPES = YES;
				CLANG_WARN_SUSPICIOUS_MOVE = YES;
				CLANG_WARN_UNGUARDED_AVAILABILITY = YES_AGGRESSIVE;
				CLANG_WARN_UNREACHABLE_CODE = YES;
				CLANG_WARN__DUPLICATE_METHOD_MATCH = YES;
				COPY_PHASE_STRIP = NO;
				DEBUG_INFORMATION_FORMAT = dwarf;
				ENABLE_STRICT_OBJC_MSGSEND = YES;
				ENABLE_TESTABILITY = YES;
				GCC_C_LANGUAGE_STANDARD = gnu11;
				GCC_DYNAMIC_NO_PIC = NO;
				GCC_NO_COMMON_BLOCKS = YES;
				GCC_OPTIMIZATION_LEVEL = 0;
				GCC_PREPROCESSOR_DEFINITIONS = (
					"DEBUG=1",
					"$(inherited)",
				);
				GCC_WARN_64_TO_32_BIT_CONVERSION = YES;
				GCC_WARN_ABOUT_RETURN_TYPE = YES_ERROR;
				GCC_WARN_UNDECLARED_SELECTOR = YES;
				GCC_WARN_UNINITIALIZED_AUTOS = YES_AGGRESSIVE;
				GCC_WARN_UNUSED_FUNCTION = YES;
				GCC_WARN_UNUSED_VARIABLE = YES;
				IPHONEOS_DEPLOYMENT_TARGET = 13.5;
				MTL_ENABLE_DEBUG_INFO = INCLUDE_SOURCE;
				MTL_FAST_MATH = YES;
				ONLY_ACTIVE_ARCH = YES;
				SDKROOT = iphoneos;
				SWIFT_ACTIVE_COMPILATION_CONDITIONS = DEBUG;
				SWIFT_OPTIMIZATION_LEVEL = "-Onone";
			};
			name = Debug;
		};
		ACBD861124A4E3AD002F7C9C /* Release */ = {
			isa = XCBuildConfiguration;
			buildSettings = {
				ALWAYS_SEARCH_USER_PATHS = NO;
				CLANG_ANALYZER_NONNULL = YES;
				CLANG_ANALYZER_NUMBER_OBJECT_CONVERSION = YES_AGGRESSIVE;
				CLANG_CXX_LANGUAGE_STANDARD = "gnu++14";
				CLANG_CXX_LIBRARY = "libc++";
				CLANG_ENABLE_MODULES = YES;
				CLANG_ENABLE_OBJC_ARC = YES;
				CLANG_ENABLE_OBJC_WEAK = YES;
				CLANG_WARN_BLOCK_CAPTURE_AUTORELEASING = YES;
				CLANG_WARN_BOOL_CONVERSION = YES;
				CLANG_WARN_COMMA = YES;
				CLANG_WARN_CONSTANT_CONVERSION = YES;
				CLANG_WARN_DEPRECATED_OBJC_IMPLEMENTATIONS = YES;
				CLANG_WARN_DIRECT_OBJC_ISA_USAGE = YES_ERROR;
				CLANG_WARN_DOCUMENTATION_COMMENTS = YES;
				CLANG_WARN_EMPTY_BODY = YES;
				CLANG_WARN_ENUM_CONVERSION = YES;
				CLANG_WARN_INFINITE_RECURSION = YES;
				CLANG_WARN_INT_CONVERSION = YES;
				CLANG_WARN_NON_LITERAL_NULL_CONVERSION = YES;
				CLANG_WARN_OBJC_IMPLICIT_RETAIN_SELF = YES;
				CLANG_WARN_OBJC_LITERAL_CONVERSION = YES;
				CLANG_WARN_OBJC_ROOT_CLASS = YES_ERROR;
				CLANG_WARN_RANGE_LOOP_ANALYSIS = YES;
				CLANG_WARN_STRICT_PROTOTYPES = YES;
				CLANG_WARN_SUSPICIOUS_MOVE = YES;
				CLANG_WARN_UNGUARDED_AVAILABILITY = YES_AGGRESSIVE;
				CLANG_WARN_UNREACHABLE_CODE = YES;
				CLANG_WARN__DUPLICATE_METHOD_MATCH = YES;
				COPY_PHASE_STRIP = NO;
				DEBUG_INFORMATION_FORMAT = "dwarf-with-dsym";
				ENABLE_NS_ASSERTIONS = NO;
				ENABLE_STRICT_OBJC_MSGSEND = YES;
				GCC_C_LANGUAGE_STANDARD = gnu11;
				GCC_NO_COMMON_BLOCKS = YES;
				GCC_WARN_64_TO_32_BIT_CONVERSION = YES;
				GCC_WARN_ABOUT_RETURN_TYPE = YES_ERROR;
				GCC_WARN_UNDECLARED_SELECTOR = YES;
				GCC_WARN_UNINITIALIZED_AUTOS = YES_AGGRESSIVE;
				GCC_WARN_UNUSED_FUNCTION = YES;
				GCC_WARN_UNUSED_VARIABLE = YES;
				IPHONEOS_DEPLOYMENT_TARGET = 13.5;
				MTL_ENABLE_DEBUG_INFO = NO;
				MTL_FAST_MATH = YES;
				SDKROOT = iphoneos;
				SWIFT_COMPILATION_MODE = wholemodule;
				SWIFT_OPTIMIZATION_LEVEL = "-O";
				VALIDATE_PRODUCT = YES;
			};
			name = Release;
		};
		ACBD861324A4E3AD002F7C9C /* Debug */ = {
			isa = XCBuildConfiguration;
			buildSettings = {
				ASSETCATALOG_COMPILER_APPICON_NAME = AppIcon;
				CODE_SIGN_STYLE = Automatic;
				DEVELOPMENT_TEAM = 6C4YL9RLK7;
				INFOPLIST_FILE = HandPoseCamera/Info.plist;
				IPHONEOS_DEPLOYMENT_TARGET = 14.0;
				LD_RUNPATH_SEARCH_PATHS = (
					"$(inherited)",
					"@executable_path/Frameworks",
				);
				PRODUCT_BUNDLE_IDENTIFIER = com.eunjin.HandPoseCamera;
				PRODUCT_NAME = "$(TARGET_NAME)";
				SWIFT_VERSION = 5.0;
				TARGETED_DEVICE_FAMILY = "1,2";
			};
			name = Debug;
		};
		ACBD861424A4E3AD002F7C9C /* Release */ = {
			isa = XCBuildConfiguration;
			buildSettings = {
				ASSETCATALOG_COMPILER_APPICON_NAME = AppIcon;
				CODE_SIGN_STYLE = Automatic;
				DEVELOPMENT_TEAM = 6C4YL9RLK7;
				INFOPLIST_FILE = HandPoseCamera/Info.plist;
				IPHONEOS_DEPLOYMENT_TARGET = 14.0;
				LD_RUNPATH_SEARCH_PATHS = (
					"$(inherited)",
					"@executable_path/Frameworks",
				);
				PRODUCT_BUNDLE_IDENTIFIER = com.eunjin.HandPoseCamera;
				PRODUCT_NAME = "$(TARGET_NAME)";
				SWIFT_VERSION = 5.0;
				TARGETED_DEVICE_FAMILY = "1,2";
			};
			name = Release;
		};
		ACBD861624A4E3AD002F7C9C /* Debug */ = {
			isa = XCBuildConfiguration;
			buildSettings = {
				ALWAYS_EMBED_SWIFT_STANDARD_LIBRARIES = YES;
				BUNDLE_LOADER = "$(TEST_HOST)";
				CODE_SIGN_STYLE = Automatic;
				DEVELOPMENT_TEAM = 6C4YL9RLK7;
				INFOPLIST_FILE = HandPoseCameraTests/Info.plist;
				IPHONEOS_DEPLOYMENT_TARGET = 13.5;
				LD_RUNPATH_SEARCH_PATHS = (
					"$(inherited)",
					"@executable_path/Frameworks",
					"@loader_path/Frameworks",
				);
				PRODUCT_BUNDLE_IDENTIFIER = com.eunjin.HandPoseCameraTests;
				PRODUCT_NAME = "$(TARGET_NAME)";
				SWIFT_VERSION = 5.0;
				TARGETED_DEVICE_FAMILY = "1,2";
				TEST_HOST = "$(BUILT_PRODUCTS_DIR)/HandPoseCamera.app/HandPoseCamera";
			};
			name = Debug;
		};
		ACBD861724A4E3AD002F7C9C /* Release */ = {
			isa = XCBuildConfiguration;
			buildSettings = {
				ALWAYS_EMBED_SWIFT_STANDARD_LIBRARIES = YES;
				BUNDLE_LOADER = "$(TEST_HOST)";
				CODE_SIGN_STYLE = Automatic;
				DEVELOPMENT_TEAM = 6C4YL9RLK7;
				INFOPLIST_FILE = HandPoseCameraTests/Info.plist;
				IPHONEOS_DEPLOYMENT_TARGET = 13.5;
				LD_RUNPATH_SEARCH_PATHS = (
					"$(inherited)",
					"@executable_path/Frameworks",
					"@loader_path/Frameworks",
				);
				PRODUCT_BUNDLE_IDENTIFIER = com.eunjin.HandPoseCameraTests;
				PRODUCT_NAME = "$(TARGET_NAME)";
				SWIFT_VERSION = 5.0;
				TARGETED_DEVICE_FAMILY = "1,2";
				TEST_HOST = "$(BUILT_PRODUCTS_DIR)/HandPoseCamera.app/HandPoseCamera";
			};
			name = Release;
		};
		ACBD861924A4E3AD002F7C9C /* Debug */ = {
			isa = XCBuildConfiguration;
			buildSettings = {
				ALWAYS_EMBED_SWIFT_STANDARD_LIBRARIES = YES;
				CODE_SIGN_STYLE = Automatic;
				DEVELOPMENT_TEAM = 6C4YL9RLK7;
				INFOPLIST_FILE = HandPoseCameraUITests/Info.plist;
				LD_RUNPATH_SEARCH_PATHS = (
					"$(inherited)",
					"@executable_path/Frameworks",
					"@loader_path/Frameworks",
				);
				PRODUCT_BUNDLE_IDENTIFIER = com.eunjin.HandPoseCameraUITests;
				PRODUCT_NAME = "$(TARGET_NAME)";
				SWIFT_VERSION = 5.0;
				TARGETED_DEVICE_FAMILY = "1,2";
				TEST_TARGET_NAME = HandPoseCamera;
			};
			name = Debug;
		};
		ACBD861A24A4E3AD002F7C9C /* Release */ = {
			isa = XCBuildConfiguration;
			buildSettings = {
				ALWAYS_EMBED_SWIFT_STANDARD_LIBRARIES = YES;
				CODE_SIGN_STYLE = Automatic;
				DEVELOPMENT_TEAM = 6C4YL9RLK7;
				INFOPLIST_FILE = HandPoseCameraUITests/Info.plist;
				LD_RUNPATH_SEARCH_PATHS = (
					"$(inherited)",
					"@executable_path/Frameworks",
					"@loader_path/Frameworks",
				);
				PRODUCT_BUNDLE_IDENTIFIER = com.eunjin.HandPoseCameraUITests;
				PRODUCT_NAME = "$(TARGET_NAME)";
				SWIFT_VERSION = 5.0;
				TARGETED_DEVICE_FAMILY = "1,2";
				TEST_TARGET_NAME = HandPoseCamera;
			};
			name = Release;
		};
/* End XCBuildConfiguration section */

/* Begin XCConfigurationList section */
		ACBD85E324A4E3A7002F7C9C /* Build configuration list for PBXProject "HandPoseCamera" */ = {
			isa = XCConfigurationList;
			buildConfigurations = (
				ACBD861024A4E3AD002F7C9C /* Debug */,
				ACBD861124A4E3AD002F7C9C /* Release */,
			);
			defaultConfigurationIsVisible = 0;
			defaultConfigurationName = Release;
		};
		ACBD861224A4E3AD002F7C9C /* Build configuration list for PBXNativeTarget "HandPoseCamera" */ = {
			isa = XCConfigurationList;
			buildConfigurations = (
				ACBD861324A4E3AD002F7C9C /* Debug */,
				ACBD861424A4E3AD002F7C9C /* Release */,
			);
			defaultConfigurationIsVisible = 0;
			defaultConfigurationName = Release;
		};
		ACBD861524A4E3AD002F7C9C /* Build configuration list for PBXNativeTarget "HandPoseCameraTests" */ = {
			isa = XCConfigurationList;
			buildConfigurations = (
				ACBD861624A4E3AD002F7C9C /* Debug */,
				ACBD861724A4E3AD002F7C9C /* Release */,
			);
			defaultConfigurationIsVisible = 0;
			defaultConfigurationName = Release;
		};
		ACBD861824A4E3AD002F7C9C /* Build configuration list for PBXNativeTarget "HandPoseCameraUITests" */ = {
			isa = XCConfigurationList;
			buildConfigurations = (
				ACBD861924A4E3AD002F7C9C /* Debug */,
				ACBD861A24A4E3AD002F7C9C /* Release */,
			);
			defaultConfigurationIsVisible = 0;
			defaultConfigurationName = Release;
		};
/* End XCConfigurationList section */

/* Begin XCRemoteSwiftPackageReference section */
		AC5F900924C3526700C85582 /* XCRemoteSwiftPackageReference "SnapKit" */ = {
			isa = XCRemoteSwiftPackageReference;
			repositoryURL = "https://github.com/SnapKit/SnapKit";
			requirement = {
				kind = upToNextMajorVersion;
				minimumVersion = 5.0.1;
			};
		};
		AC5F900C24C3618600C85582 /* XCRemoteSwiftPackageReference "JinnyAppKit" */ = {
			isa = XCRemoteSwiftPackageReference;
			repositoryURL = "https://github.com/eunjin3786/JinnyAppKit.git";
			requirement = {
				kind = upToNextMajorVersion;
				minimumVersion = 0.1.6;
			};
		};
/* End XCRemoteSwiftPackageReference section */

/* Begin XCSwiftPackageProductDependency section */
		AC5F900A24C3526700C85582 /* SnapKit */ = {
			isa = XCSwiftPackageProductDependency;
			package = AC5F900924C3526700C85582 /* XCRemoteSwiftPackageReference "SnapKit" */;
			productName = SnapKit;
		};
		AC5F900D24C3618700C85582 /* JinnyAppKit */ = {
			isa = XCSwiftPackageProductDependency;
			package = AC5F900C24C3618600C85582 /* XCRemoteSwiftPackageReference "JinnyAppKit" */;
			productName = JinnyAppKit;
		};
/* End XCSwiftPackageProductDependency section */
	};
	rootObject = ACBD85E024A4E3A7002F7C9C /* Project object */;
}
